
Microsoft Visual Studio Solution File, Format Version 11.00
# Visual Studio 2010
Project("{FAE04EC0-301F-11D3-BF4B-00C04F79EFBC}") = "DatingManagement", "DatingManagement\DatingManagement.csproj", "{46BEA9D8-EEB1-46EB-88CA-7A5E1542968F}"
EndProject
Project("{54435603-DBB4-11D2-8724-00A0C9A8B90C}") = "Setup", "Setup\Setup.vdproj", "{C9DB4FF3-AF7A-4E99-AC4B-6AF12615AF18}"
EndProject
Global
	GlobalSection(SolutionConfigurationPlatforms) = preSolution
		Debug|x86 = Debug|x86
		Release|x86 = Release|x86
	EndGlobalSection
	GlobalSection(ProjectConfigurationPlatforms) = postSolution
		{46BEA9D8-EEB1-46EB-88CA-7A5E1542968F}.Debug|x86.ActiveCfg = Debug|x86
		{46BEA9D8-EEB1-46EB-88CA-7A5E1542968F}.Debug|x86.Build.0 = Debug|x86
		{46BEA9D8-EEB1-46EB-88CA-7A5E1542968F}.Release|x86.ActiveCfg = Release|x86
		{46BEA9D8-EEB1-46EB-88CA-7A5E1542968F}.Release|x86.Build.0 = Release|x86
		{C9DB4FF3-AF7A-4E99-AC4B-6AF12615AF18}.Debug|x86.ActiveCfg = Debug
		{C9DB4FF3-AF7A-4E99-AC4B-6AF12615AF18}.Release|x86.ActiveCfg = Release
	EndGlobalSection
	GlobalSection(SolutionProperties) = preSolution
		HideSolutionNode = FALSE
	EndGlobalSection
EndGlobal
